{
  "nodes": {
    "nixpkgs": {
      "locked": {
        "lastModified": 1755672759,
        "narHash": "sha256-YO9q05I+vi6zrHpxeBcDnQYKX7TS4T3SxPXYd6N00XA=",
        "owner": "NixOS",
        "repo": "nixpkgs",
        "rev": "25bf5c5df47ae79b24fbae8d0d3f6480dadde3ed",
        "type": "github"
      },
      "original": {
        "id": "nixpkgs",
        "ref": "nixos-unstable-small",
        "type": "indirect"
      }
    },
    "root": {
      "inputs": {
        "nixpkgs": "nixpkgs"
      }
    }
  },
  "root": "root",
  "version": 7
}
